// !$*UTF8*$!
{
	archiveVersion = 1;
	classes = {
	};
	objectVersion = 50;
	objects = {

/* Begin PBXBuildFile section */
		4BA1812F238EFBAC00C4243F /* AppDelegate.swift in Sources */ = {isa = PBXBuildFile; fileRef = 4BA1812E238EFBAC00C4243F /* AppDelegate.swift */; };
		4BA18131238EFBAC00C4243F /* SceneDelegate.swift in Sources */ = {isa = PBXBuildFile; fileRef = 4BA18130238EFBAC00C4243F /* SceneDelegate.swift */; };
		4BA18133238EFBAC00C4243F /* TodoListViewController.swift in Sources */ = {isa = PBXBuildFile; fileRef = 4BA18132238EFBAC00C4243F /* TodoListViewController.swift */; };
		4BA18136238EFBAC00C4243F /* Main.storyboard in Resources */ = {isa = PBXBuildFile; fileRef = 4BA18134238EFBAC00C4243F /* Main.storyboard */; };
		4BA18138238EFBAE00C4243F /* Assets.xcassets in Resources */ = {isa = PBXBuildFile; fileRef = 4BA18137238EFBAE00C4243F /* Assets.xcassets */; };
		4BA1813B238EFBAE00C4243F /* LaunchScreen.storyboard in Resources */ = {isa = PBXBuildFile; fileRef = 4BA18139238EFBAE00C4243F /* LaunchScreen.storyboard */; };
		4BA181452395952E00C4243F /* Item.swift in Sources */ = {isa = PBXBuildFile; fileRef = 4BA181442395952E00C4243F /* Item.swift */; };
/* End PBXBuildFile section */

/* Begin PBXFileReference section */
		4BA1812B238EFBAC00C4243F /* TodoList.app */ = {isa = PBXFileReference; explicitFileType = wrapper.application; includeInIndex = 0; path = TodoList.app; sourceTree = BUILT_PRODUCTS_DIR; };
		4BA1812E238EFBAC00C4243F /* AppDelegate.swift */ = {isa = PBXFileReference; lastKnownFileType = sourcecode.swift; path = AppDelegate.swift; sourceTree = "<group>"; };
		4BA18130238EFBAC00C4243F /* SceneDelegate.swift */ = {isa = PBXFileReference; lastKnownFileType = sourcecode.swift; path = SceneDelegate.swift; sourceTree = "<group>"; };
		4BA18132238EFBAC00C4243F /* TodoListViewController.swift */ = {isa = PBXFileReference; lastKnownFileType = sourcecode.swift; path = TodoListViewController.swift; sourceTree = "<group>"; };
		4BA18135238EFBAC00C4243F /* Base */ = {isa = PBXFileReference; lastKnownFileType = file.storyboard; name = Base; path = Base.lproj/Main.storyboard; sourceTree = "<group>"; };
		4BA18137238EFBAE00C4243F /* Assets.xcassets */ = {isa = PBXFileReference; lastKnownFileType = folder.assetcatalog; path = Assets.xcassets; sourceTree = "<group>"; };
		4BA1813A238EFBAE00C4243F /* Base */ = {isa = PBXFileReference; lastKnownFileType = file.storyboard; name = Base; path = Base.lproj/LaunchScreen.storyboard; sourceTree = "<group>"; };
		4BA1813C238EFBAE00C4243F /* Info.plist */ = {isa = PBXFileReference; lastKnownFileType = text.plist.xml; path = Info.plist; sourceTree = "<group>"; };
		4BA181442395952E00C4243F /* Item.swift */ = {isa = PBXFileReference; lastKnownFileType = sourcecode.swift; path = Item.swift; sourceTree = "<group>"; };
/* End PBXFileReference section */

/* Begin PBXFrameworksBuildPhase section */
		4BA18128238EFBAC00C4243F /* Frameworks */ = {
			isa = PBXFrameworksBuildPhase;
			buildActionMask = 2147483647;
			files = (
			);
			runOnlyForDeploymentPostprocessing = 0;
		};
/* End PBXFrameworksBuildPhase section */

/* Begin PBXGroup section */
		4BA18122238EFBAC00C4243F = {
			isa = PBXGroup;
			children = (
				4BA1812D238EFBAC00C4243F /* TodoList */,
				4BA1812C238EFBAC00C4243F /* Products */,
			);
			sourceTree = "<group>";
		};
		4BA1812C238EFBAC00C4243F /* Products */ = {
			isa = PBXGroup;
			children = (
				4BA1812B238EFBAC00C4243F /* TodoList.app */,
			);
			name = Products;
			sourceTree = "<group>";
		};
		4BA1812D238EFBAC00C4243F /* TodoList */ = {
			isa = PBXGroup;
			children = (
				4BA1812E238EFBAC00C4243F /* AppDelegate.swift */,
				4BA18130238EFBAC00C4243F /* SceneDelegate.swift */,
				4BA181462395953300C4243F /* Data Model */,
				4BA18142239594E600C4243F /* View */,
				4BA18143239594F200C4243F /* Controller */,
				4BA181472395954300C4243F /* Supporting Files */,
				4BA1813C238EFBAE00C4243F /* Info.plist */,
			);
			path = TodoList;
			sourceTree = "<group>";
		};
		4BA18142239594E600C4243F /* View */ = {
			isa = PBXGroup;
			children = (
				4BA18134238EFBAC00C4243F /* Main.storyboard */,
			);
			path = View;
			sourceTree = "<group>";
		};
		4BA18143239594F200C4243F /* Controller */ = {
			isa = PBXGroup;
			children = (
				4BA18132238EFBAC00C4243F /* TodoListViewController.swift */,
			);
			path = Controller;
			sourceTree = "<group>";
		};
		4BA181462395953300C4243F /* Data Model */ = {
			isa = PBXGroup;
			children = (
				4BA181442395952E00C4243F /* Item.swift */,
			);
			path = "Data Model";
			sourceTree = "<group>";
		};
		4BA181472395954300C4243F /* Supporting Files */ = {
			isa = PBXGroup;
			children = (
				4BA18137238EFBAE00C4243F /* Assets.xcassets */,
				4BA18139238EFBAE00C4243F /* LaunchScreen.storyboard */,
			);
			path = "Supporting Files";
			sourceTree = "<group>";
		};
/* End PBXGroup section */

/* Begin PBXNativeTarget section */
		4BA1812A238EFBAC00C4243F /* TodoList */ = {
			isa = PBXNativeTarget;
			buildConfigurationList = 4BA1813F238EFBAE00C4243F /* Build configuration list for PBXNativeTarget "TodoList" */;
			buildPhases = (
				4BA18127238EFBAC00C4243F /* Sources */,
				4BA18128238EFBAC00C4243F /* Frameworks */,
				4BA18129238EFBAC00C4243F /* Resources */,
			);
			buildRules = (
			);
			dependencies = (
			);
			name = TodoList;
			productName = TodoList;
			productReference = 4BA1812B238EFBAC00C4243F /* TodoList.app */;
			productType = "com.apple.product-type.application";
		};
/* End PBXNativeTarget section */

/* Begin PBXProject section */
		4BA18123238EFBAC00C4243F /* Project object */ = {
			isa = PBXProject;
			attributes = {
				LastSwiftUpdateCheck = 1120;
				LastUpgradeCheck = 1120;
				ORGANIZATIONNAME = jungwooram;
				TargetAttributes = {
					4BA1812A238EFBAC00C4243F = {
						CreatedOnToolsVersion = 11.2.1;
					};
				};
			};
			buildConfigurationList = 4BA18126238EFBAC00C4243F /* Build configuration list for PBXProject "TodoList" */;
			compatibilityVersion = "Xcode 9.3";
			developmentRegion = en;
			hasScannedForEncodings = 0;
			knownRegions = (
				en,
				Base,
			);
			mainGroup = 4BA18122238EFBAC00C4243F;
			productRefGroup = 4BA1812C238EFBAC00C4243F /* Products */;
			projectDirPath = "";
			projectRoot = "";
			targets = (
				4BA1812A238EFBAC00C4243F /* TodoList */,
			);
		};
/* End PBXProject section */

/* Begin PBXResourcesBuildPhase section */
		4BA18129238EFBAC00C4243F /* Resources */ = {
			isa = PBXResourcesBuildPhase;
			buildActionMask = 2147483647;
			files = (
				4BA1813B238EFBAE00C4243F /* LaunchScreen.storyboard in Resources */,
				4BA18138238EFBAE00C4243F /* Assets.xcassets in Resources */,
				4BA18136238EFBAC00C4243F /* Main.storyboard in Resources */,
			);
			runOnlyForDeploymentPostprocessing = 0;
		};
/* End PBXResourcesBuildPhase section */

/* Begin PBXSourcesBuildPhase section */
		4BA18127238EFBAC00C4243F /* Sources */ = {
			isa = PBXSourcesBuildPhase;
			buildActionMask = 2147483647;
			files = (
				4BA181452395952E00C4243F /* Item.swift in Sources */,
				4BA18133238EFBAC00C4243F /* TodoListViewController.swift in Sources */,
				4BA1812F238EFBAC00C4243F /* AppDelegate.swift in Sources */,
				4BA18131238EFBAC00C4243F /* SceneDelegate.swift in Sources */,
			);
			runOnlyForDeploymentPostprocessing = 0;
		};
/* End PBXSourcesBuildPhase section */

/* Begin PBXVariantGroup section */
		4BA18134238EFBAC00C4243F /* Main.storyboard */ = {
			isa = PBXVariantGroup;
			children = (
				4BA18135238EFBAC00C4243F /* Base */,
			);
			name = Main.storyboard;
			sourceTree = "<group>";
		};
		4BA18139238EFBAE00C4243F /* LaunchScreen.storyboard */ = {
			isa = PBXVariantGroup;
			children = (
				4BA1813A238EFBAE00C4243F /* Base */,
			);
			name = LaunchScreen.storyboard;
			sourceTree = "<group>";
		};
/* End PBXVariantGroup section */

/* Begin XCBuildConfiguration section */
		4BA1813D238EFBAE00C4243F /* Debug */ = {
			isa = XCBuildConfiguration;
			buildSettings = {
				ALWAYS_SEARCH_USER_PATHS = NO;
				CLANG_ANALYZER_NONNULL = YES;
				CLANG_ANALYZER_NUMBER_OBJECT_CONVERSION = YES_AGGRESSIVE;
				CLANG_CXX_LANGUAGE_STANDARD = "gnu++14";
				CLANG_CXX_LIBRARY = "libc++";
				CLANG_ENABLE_MODULES = YES;
				CLANG_ENABLE_OBJC_ARC = YES;
				CLANG_ENABLE_OBJC_WEAK = YES;
				CLANG_WARN_BLOCK_CAPTURE_AUTORELEASING = YES;
				CLANG_WARN_BOOL_CONVERSION = YES;
				CLANG_WARN_COMMA = YES;
				CLANG_WARN_CONSTANT_CONVERSION = YES;
				CLANG_WARN_DEPRECATED_OBJC_IMPLEMENTATIONS = YES;
				CLANG_WARN_DIRECT_OBJC_ISA_USAGE = YES_ERROR;
				CLANG_WARN_DOCUMENTATION_COMMENTS = YES;
				CLANG_WARN_EMPTY_BODY = YES;
				CLANG_WARN_ENUM_CONVERSION = YES;
				CLANG_WARN_INFINITE_RECURSION = YES;
				CLANG_WARN_INT_CONVERSION = YES;
				CLANG_WARN_NON_LITERAL_NULL_CONVERSION = YES;
				CLANG_WARN_OBJC_IMPLICIT_RETAIN_SELF = YES;
				CLANG_WARN_OBJC_LITERAL_CONVERSION = YES;
				CLANG_WARN_OBJC_ROOT_CLASS = YES_ERROR;
				CLANG_WARN_RANGE_LOOP_ANALYSIS = YES;
				CLANG_WARN_STRICT_PROTOTYPES = YES;
				CLANG_WARN_SUSPICIOUS_MOVE = YES;
				CLANG_WARN_UNGUARDED_AVAILABILITY = YES_AGGRESSIVE;
				CLANG_WARN_UNREACHABLE_CODE = YES;
				CLANG_WARN__DUPLICATE_METHOD_MATCH = YES;
				COPY_PHASE_STRIP = NO;
				DEBUG_INFORMATION_FORMAT = dwarf;
				ENABLE_STRICT_OBJC_MSGSEND = YES;
				ENABLE_TESTABILITY = YES;
				GCC_C_LANGUAGE_STANDARD = gnu11;
				GCC_DYNAMIC_NO_PIC = NO;
				GCC_NO_COMMON_BLOCKS = YES;
				GCC_OPTIMIZATION_LEVEL = 0;
				GCC_PREPROCESSOR_DEFINITIONS = (
					"DEBUG=1",
					"$(inherited)",
				);
				GCC_WARN_64_TO_32_BIT_CONVERSION = YES;
				GCC_WARN_ABOUT_RETURN_TYPE = YES_ERROR;
				GCC_WARN_UNDECLARED_SELECTOR = YES;
				GCC_WARN_UNINITIALIZED_AUTOS = YES_AGGRESSIVE;
				GCC_WARN_UNUSED_FUNCTION = YES;
				GCC_WARN_UNUSED_VARIABLE = YES;
				IPHONEOS_DEPLOYMENT_TARGET = 13.2;
				MTL_ENABLE_DEBUG_INFO = INCLUDE_SOURCE;
				MTL_FAST_MATH = YES;
				ONLY_ACTIVE_ARCH = YES;
				SDKROOT = iphoneos;
				SWIFT_ACTIVE_COMPILATION_CONDITIONS = DEBUG;
				SWIFT_OPTIMIZATION_LEVEL = "-Onone";
			};
			name = Debug;
		};
		4BA1813E238EFBAE00C4243F /* Release */ = {
			isa = XCBuildConfiguration;
			buildSettings = {
				ALWAYS_SEARCH_USER_PATHS = NO;
				CLANG_ANALYZER_NONNULL = YES;
				CLANG_ANALYZER_NUMBER_OBJECT_CONVERSION = YES_AGGRESSIVE;
				CLANG_CXX_LANGUAGE_STANDARD = "gnu++14";
				CLANG_CXX_LIBRARY = "libc++";
				CLANG_ENABLE_MODULES = YES;
				CLANG_ENABLE_OBJC_ARC = YES;
				CLANG_ENABLE_OBJC_WEAK = YES;
				CLANG_WARN_BLOCK_CAPTURE_AUTORELEASING = YES;
				CLANG_WARN_BOOL_CONVERSION = YES;
				CLANG_WARN_COMMA = YES;
				CLANG_WARN_CONSTANT_CONVERSION = YES;
				CLANG_WARN_DEPRECATED_OBJC_IMPLEMENTATIONS = YES;
				CLANG_WARN_DIRECT_OBJC_ISA_USAGE = YES_ERROR;
				CLANG_WARN_DOCUMENTATION_COMMENTS = YES;
				CLANG_WARN_EMPTY_BODY = YES;
				CLANG_WARN_ENUM_CONVERSION = YES;
				CLANG_WARN_INFINITE_RECURSION = YES;
				CLANG_WARN_INT_CONVERSION = YES;
				CLANG_WARN_NON_LITERAL_NULL_CONVERSION = YES;
				CLANG_WARN_OBJC_IMPLICIT_RETAIN_SELF = YES;
				CLANG_WARN_OBJC_LITERAL_CONVERSION = YES;
				CLANG_WARN_OBJC_ROOT_CLASS = YES_ERROR;
				CLANG_WARN_RANGE_LOOP_ANALYSIS = YES;
				CLANG_WARN_STRICT_PROTOTYPES = YES;
				CLANG_WARN_SUSPICIOUS_MOVE = YES;
				CLANG_WARN_UNGUARDED_AVAILABILITY = YES_AGGRESSIVE;
				CLANG_WARN_UNREACHABLE_CODE = YES;
				CLANG_WARN__DUPLICATE_METHOD_MATCH = YES;
				COPY_PHASE_STRIP = NO;
				DEBUG_INFORMATION_FORMAT = "dwarf-with-dsym";
				ENABLE_NS_ASSERTIONS = NO;
				ENABLE_STRICT_OBJC_MSGSEND = YES;
				GCC_C_LANGUAGE_STANDARD = gnu11;
				GCC_NO_COMMON_BLOCKS = YES;
				GCC_WARN_64_TO_32_BIT_CONVERSION = YES;
				GCC_WARN_ABOUT_RETURN_TYPE = YES_ERROR;
				GCC_WARN_UNDECLARED_SELECTOR = YES;
				GCC_WARN_UNINITIALIZED_AUTOS = YES_AGGRESSIVE;
				GCC_WARN_UNUSED_FUNCTION = YES;
				GCC_WARN_UNUSED_VARIABLE = YES;
				IPHONEOS_DEPLOYMENT_TARGET = 13.2;
				MTL_ENABLE_DEBUG_INFO = NO;
				MTL_FAST_MATH = YES;
				SDKROOT = iphoneos;
				SWIFT_COMPILATION_MODE = wholemodule;
				SWIFT_OPTIMIZATION_LEVEL = "-O";
				VALIDATE_PRODUCT = YES;
			};
			name = Release;
		};
		4BA18140238EFBAE00C4243F /* Debug */ = {
			isa = XCBuildConfiguration;
			buildSettings = {
				ASSETCATALOG_COMPILER_APPICON_NAME = AppIcon;
				CODE_SIGN_STYLE = Automatic;
				DEVELOPMENT_TEAM = G7Y922S93U;
				INFOPLIST_FILE = TodoList/Info.plist;
				LD_RUNPATH_SEARCH_PATHS = (
					"$(inherited)",
					"@executable_path/Frameworks",
				);
				PRODUCT_BUNDLE_IDENTIFIER = gq.appbrygg.TodoList;
				PRODUCT_NAME = "$(TARGET_NAME)";
				SWIFT_VERSION = 5.0;
				TARGETED_DEVICE_FAMILY = "1,2";
			};
			name = Debug;
		};
		4BA18141238EFBAE00C4243F /* Release */ = {
			isa = XCBuildConfiguration;
			buildSettings = {
				ASSETCATALOG_COMPILER_APPICON_NAME = AppIcon;
				CODE_SIGN_STYLE = Automatic;
				DEVELOPMENT_TEAM = G7Y922S93U;
				INFOPLIST_FILE = TodoList/Info.plist;
				LD_RUNPATH_SEARCH_PATHS = (
					"$(inherited)",
					"@executable_path/Frameworks",
				);
				PRODUCT_BUNDLE_IDENTIFIER = gq.appbrygg.TodoList;
				PRODUCT_NAME = "$(TARGET_NAME)";
				SWIFT_VERSION = 5.0;
				TARGETED_DEVICE_FAMILY = "1,2";
			};
			name = Release;
		};
/* End XCBuildConfiguration section */

/* Begin XCConfigurationList section */
		4BA18126238EFBAC00C4243F /* Build configuration list for PBXProject "TodoList" */ = {
			isa = XCConfigurationList;
			buildConfigurations = (
				4BA1813D238EFBAE00C4243F /* Debug */,
				4BA1813E238EFBAE00C4243F /* Release */,
			);
			defaultConfigurationIsVisible = 0;
			defaultConfigurationName = Release;
		};
		4BA1813F238EFBAE00C4243F /* Build configuration list for PBXNativeTarget "TodoList" */ = {
			isa = XCConfigurationList;
			buildConfigurations = (
				4BA18140238EFBAE00C4243F /* Debug */,
				4BA18141238EFBAE00C4243F /* Release */,
			);
			defaultConfigurationIsVisible = 0;
			defaultConfigurationName = Release;
		};
/* End XCConfigurationList section */
	};
	rootObject = 4BA18123238EFBAC00C4243F /* Project object */;
}
